// !$*UTF8*$!
{
	archiveVersion = 1;
	classes = {
	};
	objectVersion = 46;
	objects = {

/* Begin PBXBuildFile section */
		9419FE391E66B910001BE1B4 /* CaffeineClockVC.swift in Sources */ = {isa = PBXBuildFile; fileRef = 9419FE381E66B910001BE1B4 /* CaffeineClockVC.swift */; };
		946376661E668F6B00BDE94F /* AppDelegate.swift in Sources */ = {isa = PBXBuildFile; fileRef = 946376651E668F6B00BDE94F /* AppDelegate.swift */; };
		946376681E668F6B00BDE94F /* InputVC.swift in Sources */ = {isa = PBXBuildFile; fileRef = 946376671E668F6B00BDE94F /* InputVC.swift */; };
		9463766B1E668F6B00BDE94F /* Main.storyboard in Resources */ = {isa = PBXBuildFile; fileRef = 946376691E668F6B00BDE94F /* Main.storyboard */; };
		9463766D1E668F6B00BDE94F /* Assets.xcassets in Resources */ = {isa = PBXBuildFile; fileRef = 9463766C1E668F6B00BDE94F /* Assets.xcassets */; };
		946376701E668F6B00BDE94F /* LaunchScreen.storyboard in Resources */ = {isa = PBXBuildFile; fileRef = 9463766E1E668F6B00BDE94F /* LaunchScreen.storyboard */; };
/* End PBXBuildFile section */

/* Begin PBXFileReference section */
		9419FE381E66B910001BE1B4 /* CaffeineClockVC.swift */ = {isa = PBXFileReference; fileEncoding = 4; lastKnownFileType = sourcecode.swift; path = CaffeineClockVC.swift; sourceTree = "<group>"; };
		946376621E668F6B00BDE94F /* CaffeineCalculator.app */ = {isa = PBXFileReference; explicitFileType = wrapper.application; includeInIndex = 0; path = CaffeineCalculator.app; sourceTree = BUILT_PRODUCTS_DIR; };
		946376651E668F6B00BDE94F /* AppDelegate.swift */ = {isa = PBXFileReference; lastKnownFileType = sourcecode.swift; path = AppDelegate.swift; sourceTree = "<group>"; };
		946376671E668F6B00BDE94F /* InputVC.swift */ = {isa = PBXFileReference; lastKnownFileType = sourcecode.swift; path = InputVC.swift; sourceTree = "<group>"; };
		9463766A1E668F6B00BDE94F /* Base */ = {isa = PBXFileReference; lastKnownFileType = file.storyboard; name = Base; path = Base.lproj/Main.storyboard; sourceTree = "<group>"; };
		9463766C1E668F6B00BDE94F /* Assets.xcassets */ = {isa = PBXFileReference; lastKnownFileType = folder.assetcatalog; path = Assets.xcassets; sourceTree = "<group>"; };
		9463766F1E668F6B00BDE94F /* Base */ = {isa = PBXFileReference; lastKnownFileType = file.storyboard; name = Base; path = Base.lproj/LaunchScreen.storyboard; sourceTree = "<group>"; };
		946376711E668F6B00BDE94F /* Info.plist */ = {isa = PBXFileReference; lastKnownFileType = text.plist.xml; path = Info.plist; sourceTree = "<group>"; };
/* End PBXFileReference section */

/* Begin PBXFrameworksBuildPhase section */
		9463765F1E668F6B00BDE94F /* Frameworks */ = {
			isa = PBXFrameworksBuildPhase;
			buildActionMask = 2147483647;
			files = (
			);
			runOnlyForDeploymentPostprocessing = 0;
		};
/* End PBXFrameworksBuildPhase section */

/* Begin PBXGroup section */
		946376591E668F6B00BDE94F = {
			isa = PBXGroup;
			children = (
				946376641E668F6B00BDE94F /* CaffeineCalculator */,
				946376631E668F6B00BDE94F /* Products */,
			);
			sourceTree = "<group>";
		};
		946376631E668F6B00BDE94F /* Products */ = {
			isa = PBXGroup;
			children = (
				946376621E668F6B00BDE94F /* CaffeineCalculator.app */,
			);
			name = Products;
			sourceTree = "<group>";
		};
		946376641E668F6B00BDE94F /* CaffeineCalculator */ = {
			isa = PBXGroup;
			children = (
				946376651E668F6B00BDE94F /* AppDelegate.swift */,
				946376671E668F6B00BDE94F /* InputVC.swift */,
				9419FE381E66B910001BE1B4 /* CaffeineClockVC.swift */,
				946376691E668F6B00BDE94F /* Main.storyboard */,
				9463766C1E668F6B00BDE94F /* Assets.xcassets */,
				9463766E1E668F6B00BDE94F /* LaunchScreen.storyboard */,
				946376711E668F6B00BDE94F /* Info.plist */,
			);
			path = CaffeineCalculator;
			sourceTree = "<group>";
		};
/* End PBXGroup section */

/* Begin PBXNativeTarget section */
		946376611E668F6B00BDE94F /* CaffeineCalculator */ = {
			isa = PBXNativeTarget;
			buildConfigurationList = 946376741E668F6B00BDE94F /* Build configuration list for PBXNativeTarget "CaffeineCalculator" */;
			buildPhases = (
				9463765E1E668F6B00BDE94F /* Sources */,
				9463765F1E668F6B00BDE94F /* Frameworks */,
				946376601E668F6B00BDE94F /* Resources */,
			);
			buildRules = (
			);
			dependencies = (
			);
			name = CaffeineCalculator;
			productName = CaffeineCalculator;
			productReference = 946376621E668F6B00BDE94F /* CaffeineCalculator.app */;
			productType = "com.apple.product-type.application";
		};
/* End PBXNativeTarget section */

/* Begin PBXProject section */
		9463765A1E668F6B00BDE94F /* Project object */ = {
			isa = PBXProject;
			attributes = {
				LastSwiftUpdateCheck = 0820;
				LastUpgradeCheck = 0820;
				ORGANIZATIONNAME = "Keagan Sweeney";
				TargetAttributes = {
					946376611E668F6B00BDE94F = {
						CreatedOnToolsVersion = 8.2.1;
						DevelopmentTeam = SN222F2TEG;
						ProvisioningStyle = Automatic;
					};
				};
			};
			buildConfigurationList = 9463765D1E668F6B00BDE94F /* Build configuration list for PBXProject "CaffeineCalculator" */;
			compatibilityVersion = "Xcode 3.2";
			developmentRegion = English;
			hasScannedForEncodings = 0;
			knownRegions = (
				en,
				Base,
			);
			mainGroup = 946376591E668F6B00BDE94F;
			productRefGroup = 946376631E668F6B00BDE94F /* Products */;
			projectDirPath = "";
			projectRoot = "";
			targets = (
				946376611E668F6B00BDE94F /* CaffeineCalculator */,
			);
		};
/* End PBXProject section */

/* Begin PBXResourcesBuildPhase section */
		946376601E668F6B00BDE94F /* Resources */ = {
			isa = PBXResourcesBuildPhase;
			buildActionMask = 2147483647;
			files = (
				946376701E668F6B00BDE94F /* LaunchScreen.storyboard in Resources */,
				9463766D1E668F6B00BDE94F /* Assets.xcassets in Resources */,
				9463766B1E668F6B00BDE94F /* Main.storyboard in Resources */,
			);
			runOnlyForDeploymentPostprocessing = 0;
		};
/* End PBXResourcesBuildPhase section */

/* Begin PBXSourcesBuildPhase section */
		9463765E1E668F6B00BDE94F /* Sources */ = {
			isa = PBXSourcesBuildPhase;
			buildActionMask = 2147483647;
			files = (
				946376681E668F6B00BDE94F /* InputVC.swift in Sources */,
				946376661E668F6B00BDE94F /* AppDelegate.swift in Sources */,
				9419FE391E66B910001BE1B4 /* CaffeineClockVC.swift in Sources */,
			);
			runOnlyForDeploymentPostprocessing = 0;
		};
/* End PBXSourcesBuildPhase section */

/* Begin PBXVariantGroup section */
		946376691E668F6B00BDE94F /* Main.storyboard */ = {
			isa = PBXVariantGroup;
			children = (
				9463766A1E668F6B00BDE94F /* Base */,
			);
			name = Main.storyboard;
			sourceTree = "<group>";
		};
		9463766E1E668F6B00BDE94F /* LaunchScreen.storyboard */ = {
			isa = PBXVariantGroup;
			children = (
				9463766F1E668F6B00BDE94F /* Base */,
			);
			name = LaunchScreen.storyboard;
			sourceTree = "<group>";
		};
/* End PBXVariantGroup section */

/* Begin XCBuildConfiguration section */
		946376721E668F6B00BDE94F /* Debug */ = {
			isa = XCBuildConfiguration;
			buildSettings = {
				ALWAYS_SEARCH_USER_PATHS = NO;
				CLANG_ANALYZER_NONNULL = YES;
				CLANG_CXX_LANGUAGE_STANDARD = "gnu++0x";
				CLANG_CXX_LIBRARY = "libc++";
				CLANG_ENABLE_MODULES = YES;
				CLANG_ENABLE_OBJC_ARC = YES;
				CLANG_WARN_BOOL_CONVERSION = YES;
				CLANG_WARN_CONSTANT_CONVERSION = YES;
				CLANG_WARN_DIRECT_OBJC_ISA_USAGE = YES_ERROR;
				CLANG_WARN_DOCUMENTATION_COMMENTS = YES;
				CLANG_WARN_EMPTY_BODY = YES;
				CLANG_WARN_ENUM_CONVERSION = YES;
				CLANG_WARN_INFINITE_RECURSION = YES;
				CLANG_WARN_INT_CONVERSION = YES;
				CLANG_WARN_OBJC_ROOT_CLASS = YES_ERROR;
				CLANG_WARN_SUSPICIOUS_MOVE = YES;
				CLANG_WARN_UNREACHABLE_CODE = YES;
				CLANG_WARN__DUPLICATE_METHOD_MATCH = YES;
				"CODE_SIGN_IDENTITY[sdk=iphoneos*]" = "iPhone Developer";
				COPY_PHASE_STRIP = NO;
				DEBUG_INFORMATION_FORMAT = dwarf;
				ENABLE_STRICT_OBJC_MSGSEND = YES;
				ENABLE_TESTABILITY = YES;
				GCC_C_LANGUAGE_STANDARD = gnu99;
				GCC_DYNAMIC_NO_PIC = NO;
				GCC_NO_COMMON_BLOCKS = YES;
				GCC_OPTIMIZATION_LEVEL = 0;
				GCC_PREPROCESSOR_DEFINITIONS = (
					"DEBUG=1",
					"$(inherited)",
				);
				GCC_WARN_64_TO_32_BIT_CONVERSION = YES;
				GCC_WARN_ABOUT_RETURN_TYPE = YES_ERROR;
				GCC_WARN_UNDECLARED_SELECTOR = YES;
				GCC_WARN_UNINITIALIZED_AUTOS = YES_AGGRESSIVE;
				GCC_WARN_UNUSED_FUNCTION = YES;
				GCC_WARN_UNUSED_VARIABLE = YES;
				IPHONEOS_DEPLOYMENT_TARGET = 10.2;
				MTL_ENABLE_DEBUG_INFO = YES;
				ONLY_ACTIVE_ARCH = YES;
				SDKROOT = iphoneos;
				SWIFT_ACTIVE_COMPILATION_CONDITIONS = DEBUG;
				SWIFT_OPTIMIZATION_LEVEL = "-Onone";
				TARGETED_DEVICE_FAMILY = "1,2";
			};
			name = Debug;
		};
		946376731E668F6B00BDE94F /* Release */ = {
			isa = XCBuildConfiguration;
			buildSettings = {
				ALWAYS_SEARCH_USER_PATHS = NO;
				CLANG_ANALYZER_NONNULL = YES;
				CLANG_CXX_LANGUAGE_STANDARD = "gnu++0x";
				CLANG_CXX_LIBRARY = "libc++";
				CLANG_ENABLE_MODULES = YES;
				CLANG_ENABLE_OBJC_ARC = YES;
				CLANG_WARN_BOOL_CONVERSION = YES;
				CLANG_WARN_CONSTANT_CONVERSION = YES;
				CLANG_WARN_DIRECT_OBJC_ISA_USAGE = YES_ERROR;
				CLANG_WARN_DOCUMENTATION_COMMENTS = YES;
				CLANG_WARN_EMPTY_BODY = YES;
				CLANG_WARN_ENUM_CONVERSION = YES;
				CLANG_WARN_INFINITE_RECURSION = YES;
				CLANG_WARN_INT_CONVERSION = YES;
				CLANG_WARN_OBJC_ROOT_CLASS = YES_ERROR;
				CLANG_WARN_SUSPICIOUS_MOVE = YES;
				CLANG_WARN_UNREACHABLE_CODE = YES;
				CLANG_WARN__DUPLICATE_METHOD_MATCH = YES;
				"CODE_SIGN_IDENTITY[sdk=iphoneos*]" = "iPhone Developer";
				COPY_PHASE_STRIP = NO;
				DEBUG_INFORMATION_FORMAT = "dwarf-with-dsym";
				ENABLE_NS_ASSERTIONS = NO;
				ENABLE_STRICT_OBJC_MSGSEND = YES;
				GCC_C_LANGUAGE_STANDARD = gnu99;
				GCC_NO_COMMON_BLOCKS = YES;
				GCC_WARN_64_TO_32_BIT_CONVERSION = YES;
				GCC_WARN_ABOUT_RETURN_TYPE = YES_ERROR;
				GCC_WARN_UNDECLARED_SELECTOR = YES;
				GCC_WARN_UNINITIALIZED_AUTOS = YES_AGGRESSIVE;
				GCC_WARN_UNUSED_FUNCTION = YES;
				GCC_WARN_UNUSED_VARIABLE = YES;
				IPHONEOS_DEPLOYMENT_TARGET = 10.2;
				MTL_ENABLE_DEBUG_INFO = NO;
				SDKROOT = iphoneos;
				SWIFT_OPTIMIZATION_LEVEL = "-Owholemodule";
				TARGETED_DEVICE_FAMILY = "1,2";
				VALIDATE_PRODUCT = YES;
			};
			name = Release;
		};
		946376751E668F6B00BDE94F /* Debug */ = {
			isa = XCBuildConfiguration;
			buildSettings = {
				ASSETCATALOG_COMPILER_APPICON_NAME = AppIcon;
				DEVELOPMENT_TEAM = SN222F2TEG;
				INFOPLIST_FILE = CaffeineCalculator/Info.plist;
				LD_RUNPATH_SEARCH_PATHS = "$(inherited) @executable_path/Frameworks";
				PRODUCT_BUNDLE_IDENTIFIER = com.KeaganSweeney.CaffeineCalculator;
				PRODUCT_NAME = "$(TARGET_NAME)";
				SWIFT_VERSION = 3.0;
			};
			name = Debug;
		};
		946376761E668F6B00BDE94F /* Release */ = {
			isa = XCBuildConfiguration;
			buildSettings = {
				ASSETCATALOG_COMPILER_APPICON_NAME = AppIcon;
				DEVELOPMENT_TEAM = SN222F2TEG;
				INFOPLIST_FILE = CaffeineCalculator/Info.plist;
				LD_RUNPATH_SEARCH_PATHS = "$(inherited) @executable_path/Frameworks";
				PRODUCT_BUNDLE_IDENTIFIER = com.KeaganSweeney.CaffeineCalculator;
				PRODUCT_NAME = "$(TARGET_NAME)";
				SWIFT_VERSION = 3.0;
			};
			name = Release;
		};
/* End XCBuildConfiguration section */

/* Begin XCConfigurationList section */
		9463765D1E668F6B00BDE94F /* Build configuration list for PBXProject "CaffeineCalculator" */ = {
			isa = XCConfigurationList;
			buildConfigurations = (
				946376721E668F6B00BDE94F /* Debug */,
				946376731E668F6B00BDE94F /* Release */,
			);
			defaultConfigurationIsVisible = 0;
			defaultConfigurationName = Release;
		};
		946376741E668F6B00BDE94F /* Build configuration list for PBXNativeTarget "CaffeineCalculator" */ = {
			isa = XCConfigurationList;
			buildConfigurations = (
				946376751E668F6B00BDE94F /* Debug */,
				946376761E668F6B00BDE94F /* Release */,
			);
			defaultConfigurationIsVisible = 0;
			defaultConfigurationName = Release;
		};
/* End XCConfigurationList section */
	};
	rootObject = 9463765A1E668F6B00BDE94F /* Project object */;
}
